{
  "pins" : [
    {
      "identity" : "datacapture-spm",
      "kind" : "remoteSourceControl",
      "location" : "https://github.com/Scandit/datacapture-spm",
      "state" : {
        "revision" : "d2f9fff9449c4063eec0471a63a39a212eb66f2c",
        "version" : "6.17.2"
      }
    }
  ],
  "version" : 2
}
