// !$*UTF8*$!
{
	archiveVersion = 1;
	classes = {
	};
	objectVersion = 56;
	objects = {

/* Begin PBXBuildFile section */
		6A2A1C3E29C2330200FC359F /* SpotITIApp.swift in Sources */ = {isa = PBXBuildFile; fileRef = 6A2A1C3D29C2330200FC359F /* SpotITIApp.swift */; };
		6A2A1C4229C2330300FC359F /* Assets.xcassets in Resources */ = {isa = PBXBuildFile; fileRef = 6A2A1C4129C2330300FC359F /* Assets.xcassets */; };
		6A2A1C4529C2330300FC359F /* Preview Assets.xcassets in Resources */ = {isa = PBXBuildFile; fileRef = 6A2A1C4429C2330300FC359F /* Preview Assets.xcassets */; };
		6A4151C529FD00BB001DF926 /* LocationManager.swift in Sources */ = {isa = PBXBuildFile; fileRef = 6A4151C429FD00BB001DF926 /* LocationManager.swift */; };
		6A4151C929FD023A001DF926 /* CameraPreviewView.swift in Sources */ = {isa = PBXBuildFile; fileRef = 6A4151C829FD023A001DF926 /* CameraPreviewView.swift */; };
		6A9ED46129FD2C7A00C34722 /* ContentView.swift in Sources */ = {isa = PBXBuildFile; fileRef = 6A9ED46029FD2C7A00C34722 /* ContentView.swift */; };
		6A9ED46629FD4F7000C34722 /* Map.swift in Sources */ = {isa = PBXBuildFile; fileRef = 6A9ED46529FD4F7000C34722 /* Map.swift */; };
		6A9ED46829FD55F600C34722 /* MapView.swift in Sources */ = {isa = PBXBuildFile; fileRef = 6A9ED46729FD55F600C34722 /* MapView.swift */; };
		6A9ED47029FFD32C00C34722 /* ClassroomCard.swift in Sources */ = {isa = PBXBuildFile; fileRef = 6A9ED46F29FFD32C00C34722 /* ClassroomCard.swift */; };
		6AB4149629FACA26002F8387 /* CompassView.swift in Sources */ = {isa = PBXBuildFile; fileRef = 6AB4149529FACA26002F8387 /* CompassView.swift */; };
/* End PBXBuildFile section */

/* Begin PBXFileReference section */
		6A2A1C3A29C2330200FC359F /* SpotITI.app */ = {isa = PBXFileReference; explicitFileType = wrapper.application; includeInIndex = 0; path = SpotITI.app; sourceTree = BUILT_PRODUCTS_DIR; };
		6A2A1C3D29C2330200FC359F /* SpotITIApp.swift */ = {isa = PBXFileReference; lastKnownFileType = sourcecode.swift; path = SpotITIApp.swift; sourceTree = "<group>"; };
		6A2A1C4129C2330300FC359F /* Assets.xcassets */ = {isa = PBXFileReference; lastKnownFileType = folder.assetcatalog; path = Assets.xcassets; sourceTree = "<group>"; };
		6A2A1C4429C2330300FC359F /* Preview Assets.xcassets */ = {isa = PBXFileReference; lastKnownFileType = folder.assetcatalog; path = "Preview Assets.xcassets"; sourceTree = "<group>"; };
		6A4151C429FD00BB001DF926 /* LocationManager.swift */ = {isa = PBXFileReference; lastKnownFileType = sourcecode.swift; path = LocationManager.swift; sourceTree = "<group>"; };
		6A4151C829FD023A001DF926 /* CameraPreviewView.swift */ = {isa = PBXFileReference; lastKnownFileType = sourcecode.swift; path = CameraPreviewView.swift; sourceTree = "<group>"; };
		6A9ED46029FD2C7A00C34722 /* ContentView.swift */ = {isa = PBXFileReference; lastKnownFileType = sourcecode.swift; path = ContentView.swift; sourceTree = "<group>"; };
		6A9ED46529FD4F7000C34722 /* Map.swift */ = {isa = PBXFileReference; lastKnownFileType = sourcecode.swift; path = Map.swift; sourceTree = "<group>"; };
		6A9ED46729FD55F600C34722 /* MapView.swift */ = {isa = PBXFileReference; lastKnownFileType = sourcecode.swift; path = MapView.swift; sourceTree = "<group>"; };
		6A9ED46F29FFD32C00C34722 /* ClassroomCard.swift */ = {isa = PBXFileReference; lastKnownFileType = sourcecode.swift; path = ClassroomCard.swift; sourceTree = "<group>"; };
		6AB4149529FACA26002F8387 /* CompassView.swift */ = {isa = PBXFileReference; lastKnownFileType = sourcecode.swift; path = CompassView.swift; sourceTree = "<group>"; };
/* End PBXFileReference section */

/* Begin PBXFrameworksBuildPhase section */
		6A2A1C3729C2330200FC359F /* Frameworks */ = {
			isa = PBXFrameworksBuildPhase;
			buildActionMask = 2147483647;
			files = (
			);
			runOnlyForDeploymentPostprocessing = 0;
		};
/* End PBXFrameworksBuildPhase section */

/* Begin PBXGroup section */
		6A2A1C3129C2330200FC359F = {
			isa = PBXGroup;
			children = (
				6A2A1C3C29C2330200FC359F /* SpotITI */,
				6A2A1C3B29C2330200FC359F /* Products */,
			);
			sourceTree = "<group>";
		};
		6A2A1C3B29C2330200FC359F /* Products */ = {
			isa = PBXGroup;
			children = (
				6A2A1C3A29C2330200FC359F /* SpotITI.app */,
			);
			name = Products;
			sourceTree = "<group>";
		};
		6A2A1C3C29C2330200FC359F /* SpotITI */ = {
			isa = PBXGroup;
			children = (
				6A2A1C3D29C2330200FC359F /* SpotITIApp.swift */,
				6A9ED46029FD2C7A00C34722 /* ContentView.swift */,
				6A9ED46429FD4F6500C34722 /* Model */,
				6AF3342929C3B0A600C97CB0 /* View */,
				6A2A1C4129C2330300FC359F /* Assets.xcassets */,
				6A2A1C4329C2330300FC359F /* Preview Content */,
				6A4151C429FD00BB001DF926 /* LocationManager.swift */,
			);
			path = SpotITI;
			sourceTree = "<group>";
		};
		6A2A1C4329C2330300FC359F /* Preview Content */ = {
			isa = PBXGroup;
			children = (
				6A2A1C4429C2330300FC359F /* Preview Assets.xcassets */,
			);
			path = "Preview Content";
			sourceTree = "<group>";
		};
		6A9ED46429FD4F6500C34722 /* Model */ = {
			isa = PBXGroup;
			children = (
				6A9ED46529FD4F7000C34722 /* Map.swift */,
			);
			name = Model;
			sourceTree = "<group>";
		};
		6AF3342929C3B0A600C97CB0 /* View */ = {
			isa = PBXGroup;
			children = (
				6AB4149529FACA26002F8387 /* CompassView.swift */,
				6A4151C829FD023A001DF926 /* CameraPreviewView.swift */,
				6A9ED46729FD55F600C34722 /* MapView.swift */,
				6A9ED46F29FFD32C00C34722 /* ClassroomCard.swift */,
			);
			path = View;
			sourceTree = "<group>";
		};
/* End PBXGroup section */

/* Begin PBXNativeTarget section */
		6A2A1C3929C2330200FC359F /* SpotITI */ = {
			isa = PBXNativeTarget;
			buildConfigurationList = 6A2A1C4829C2330300FC359F /* Build configuration list for PBXNativeTarget "SpotITI" */;
			buildPhases = (
				6A2A1C3629C2330200FC359F /* Sources */,
				6A2A1C3729C2330200FC359F /* Frameworks */,
				6A2A1C3829C2330200FC359F /* Resources */,
			);
			buildRules = (
			);
			dependencies = (
			);
			name = SpotITI;
			productName = SpotITI;
			productReference = 6A2A1C3A29C2330200FC359F /* SpotITI.app */;
			productType = "com.apple.product-type.application";
		};
/* End PBXNativeTarget section */

/* Begin PBXProject section */
		6A2A1C3229C2330200FC359F /* Project object */ = {
			isa = PBXProject;
			attributes = {
				BuildIndependentTargetsInParallel = 1;
				LastSwiftUpdateCheck = 1420;
				LastUpgradeCheck = 1420;
				TargetAttributes = {
					6A2A1C3929C2330200FC359F = {
						CreatedOnToolsVersion = 14.2;
					};
				};
			};
			buildConfigurationList = 6A2A1C3529C2330200FC359F /* Build configuration list for PBXProject "SpotITI" */;
			compatibilityVersion = "Xcode 14.0";
			developmentRegion = en;
			hasScannedForEncodings = 0;
			knownRegions = (
				en,
				Base,
			);
			mainGroup = 6A2A1C3129C2330200FC359F;
			productRefGroup = 6A2A1C3B29C2330200FC359F /* Products */;
			projectDirPath = "";
			projectRoot = "";
			targets = (
				6A2A1C3929C2330200FC359F /* SpotITI */,
			);
		};
/* End PBXProject section */

/* Begin PBXResourcesBuildPhase section */
		6A2A1C3829C2330200FC359F /* Resources */ = {
			isa = PBXResourcesBuildPhase;
			buildActionMask = 2147483647;
			files = (
				6A2A1C4529C2330300FC359F /* Preview Assets.xcassets in Resources */,
				6A2A1C4229C2330300FC359F /* Assets.xcassets in Resources */,
			);
			runOnlyForDeploymentPostprocessing = 0;
		};
/* End PBXResourcesBuildPhase section */

/* Begin PBXSourcesBuildPhase section */
		6A2A1C3629C2330200FC359F /* Sources */ = {
			isa = PBXSourcesBuildPhase;
			buildActionMask = 2147483647;
			files = (
				6A4151C929FD023A001DF926 /* CameraPreviewView.swift in Sources */,
				6A9ED46629FD4F7000C34722 /* Map.swift in Sources */,
				6A9ED46129FD2C7A00C34722 /* ContentView.swift in Sources */,
				6A9ED47029FFD32C00C34722 /* ClassroomCard.swift in Sources */,
				6A2A1C3E29C2330200FC359F /* SpotITIApp.swift in Sources */,
				6AB4149629FACA26002F8387 /* CompassView.swift in Sources */,
				6A4151C529FD00BB001DF926 /* LocationManager.swift in Sources */,
				6A9ED46829FD55F600C34722 /* MapView.swift in Sources */,
			);
			runOnlyForDeploymentPostprocessing = 0;
		};
/* End PBXSourcesBuildPhase section */

/* Begin XCBuildConfiguration section */
		6A2A1C4629C2330300FC359F /* Debug */ = {
			isa = XCBuildConfiguration;
			buildSettings = {
				ALWAYS_SEARCH_USER_PATHS = NO;
				CLANG_ANALYZER_NONNULL = YES;
				CLANG_ANALYZER_NUMBER_OBJECT_CONVERSION = YES_AGGRESSIVE;
				CLANG_CXX_LANGUAGE_STANDARD = "gnu++20";
				CLANG_ENABLE_MODULES = YES;
				CLANG_ENABLE_OBJC_ARC = YES;
				CLANG_ENABLE_OBJC_WEAK = YES;
				CLANG_WARN_BLOCK_CAPTURE_AUTORELEASING = YES;
				CLANG_WARN_BOOL_CONVERSION = YES;
				CLANG_WARN_COMMA = YES;
				CLANG_WARN_CONSTANT_CONVERSION = YES;
				CLANG_WARN_DEPRECATED_OBJC_IMPLEMENTATIONS = YES;
				CLANG_WARN_DIRECT_OBJC_ISA_USAGE = YES_ERROR;
				CLANG_WARN_DOCUMENTATION_COMMENTS = YES;
				CLANG_WARN_EMPTY_BODY = YES;
				CLANG_WARN_ENUM_CONVERSION = YES;
				CLANG_WARN_INFINITE_RECURSION = YES;
				CLANG_WARN_INT_CONVERSION = YES;
				CLANG_WARN_NON_LITERAL_NULL_CONVERSION = YES;
				CLANG_WARN_OBJC_IMPLICIT_RETAIN_SELF = YES;
				CLANG_WARN_OBJC_LITERAL_CONVERSION = YES;
				CLANG_WARN_OBJC_ROOT_CLASS = YES_ERROR;
				CLANG_WARN_QUOTED_INCLUDE_IN_FRAMEWORK_HEADER = YES;
				CLANG_WARN_RANGE_LOOP_ANALYSIS = YES;
				CLANG_WARN_STRICT_PROTOTYPES = YES;
				CLANG_WARN_SUSPICIOUS_MOVE = YES;
				CLANG_WARN_UNGUARDED_AVAILABILITY = YES_AGGRESSIVE;
				CLANG_WARN_UNREACHABLE_CODE = YES;
				CLANG_WARN__DUPLICATE_METHOD_MATCH = YES;
				COPY_PHASE_STRIP = NO;
				DEBUG_INFORMATION_FORMAT = dwarf;
				ENABLE_STRICT_OBJC_MSGSEND = YES;
				ENABLE_TESTABILITY = YES;
				GCC_C_LANGUAGE_STANDARD = gnu11;
				GCC_DYNAMIC_NO_PIC = NO;
				GCC_NO_COMMON_BLOCKS = YES;
				GCC_OPTIMIZATION_LEVEL = 0;
				GCC_PREPROCESSOR_DEFINITIONS = (
					"DEBUG=1",
					"$(inherited)",
				);
				GCC_WARN_64_TO_32_BIT_CONVERSION = YES;
				GCC_WARN_ABOUT_RETURN_TYPE = YES_ERROR;
				GCC_WARN_UNDECLARED_SELECTOR = YES;
				GCC_WARN_UNINITIALIZED_AUTOS = YES_AGGRESSIVE;
				GCC_WARN_UNUSED_FUNCTION = YES;
				GCC_WARN_UNUSED_VARIABLE = YES;
				IPHONEOS_DEPLOYMENT_TARGET = 16.4;
				MTL_ENABLE_DEBUG_INFO = INCLUDE_SOURCE;
				MTL_FAST_MATH = YES;
				ONLY_ACTIVE_ARCH = YES;
				SDKROOT = iphoneos;
				SWIFT_ACTIVE_COMPILATION_CONDITIONS = DEBUG;
				SWIFT_OPTIMIZATION_LEVEL = "-Onone";
			};
			name = Debug;
		};
		6A2A1C4729C2330300FC359F /* Release */ = {
			isa = XCBuildConfiguration;
			buildSettings = {
				ALWAYS_SEARCH_USER_PATHS = NO;
				CLANG_ANALYZER_NONNULL = YES;
				CLANG_ANALYZER_NUMBER_OBJECT_CONVERSION = YES_AGGRESSIVE;
				CLANG_CXX_LANGUAGE_STANDARD = "gnu++20";
				CLANG_ENABLE_MODULES = YES;
				CLANG_ENABLE_OBJC_ARC = YES;
				CLANG_ENABLE_OBJC_WEAK = YES;
				CLANG_WARN_BLOCK_CAPTURE_AUTORELEASING = YES;
				CLANG_WARN_BOOL_CONVERSION = YES;
				CLANG_WARN_COMMA = YES;
				CLANG_WARN_CONSTANT_CONVERSION = YES;
				CLANG_WARN_DEPRECATED_OBJC_IMPLEMENTATIONS = YES;
				CLANG_WARN_DIRECT_OBJC_ISA_USAGE = YES_ERROR;
				CLANG_WARN_DOCUMENTATION_COMMENTS = YES;
				CLANG_WARN_EMPTY_BODY = YES;
				CLANG_WARN_ENUM_CONVERSION = YES;
				CLANG_WARN_INFINITE_RECURSION = YES;
				CLANG_WARN_INT_CONVERSION = YES;
				CLANG_WARN_NON_LITERAL_NULL_CONVERSION = YES;
				CLANG_WARN_OBJC_IMPLICIT_RETAIN_SELF = YES;
				CLANG_WARN_OBJC_LITERAL_CONVERSION = YES;
				CLANG_WARN_OBJC_ROOT_CLASS = YES_ERROR;
				CLANG_WARN_QUOTED_INCLUDE_IN_FRAMEWORK_HEADER = YES;
				CLANG_WARN_RANGE_LOOP_ANALYSIS = YES;
				CLANG_WARN_STRICT_PROTOTYPES = YES;
				CLANG_WARN_SUSPICIOUS_MOVE = YES;
				CLANG_WARN_UNGUARDED_AVAILABILITY = YES_AGGRESSIVE;
				CLANG_WARN_UNREACHABLE_CODE = YES;
				CLANG_WARN__DUPLICATE_METHOD_MATCH = YES;
				COPY_PHASE_STRIP = NO;
				DEBUG_INFORMATION_FORMAT = "dwarf-with-dsym";
				ENABLE_NS_ASSERTIONS = NO;
				ENABLE_STRICT_OBJC_MSGSEND = YES;
				GCC_C_LANGUAGE_STANDARD = gnu11;
				GCC_NO_COMMON_BLOCKS = YES;
				GCC_WARN_64_TO_32_BIT_CONVERSION = YES;
				GCC_WARN_ABOUT_RETURN_TYPE = YES_ERROR;
				GCC_WARN_UNDECLARED_SELECTOR = YES;
				GCC_WARN_UNINITIALIZED_AUTOS = YES_AGGRESSIVE;
				GCC_WARN_UNUSED_FUNCTION = YES;
				GCC_WARN_UNUSED_VARIABLE = YES;
				IPHONEOS_DEPLOYMENT_TARGET = 16.4;
				MTL_ENABLE_DEBUG_INFO = NO;
				MTL_FAST_MATH = YES;
				SDKROOT = iphoneos;
				SWIFT_COMPILATION_MODE = wholemodule;
				SWIFT_OPTIMIZATION_LEVEL = "-O";
				VALIDATE_PRODUCT = YES;
			};
			name = Release;
		};
		6A2A1C4929C2330300FC359F /* Debug */ = {
			isa = XCBuildConfiguration;
			buildSettings = {
				ASSETCATALOG_COMPILER_APPICON_NAME = AppIcon;
				ASSETCATALOG_COMPILER_GLOBAL_ACCENT_COLOR_NAME = AccentColor;
				CODE_SIGN_STYLE = Automatic;
				CURRENT_PROJECT_VERSION = 1;
				DEVELOPMENT_ASSET_PATHS = "\"SpotITI/Preview Content\"";
				DEVELOPMENT_TEAM = GG2P3935JY;
				ENABLE_PREVIEWS = YES;
				GENERATE_INFOPLIST_FILE = YES;
				INFOPLIST_KEY_NSCameraUsageDescription = "La fotocamera verrà utilizzata per riconoscere i codici QR i quali permettono la geolocalizzazione interna";
				INFOPLIST_KEY_UIApplicationSceneManifest_Generation = YES;
				INFOPLIST_KEY_UIApplicationSupportsIndirectInputEvents = YES;
				INFOPLIST_KEY_UILaunchScreen_Generation = YES;
				INFOPLIST_KEY_UISupportedInterfaceOrientations = UIInterfaceOrientationPortrait;
				LD_RUNPATH_SEARCH_PATHS = (
					"$(inherited)",
					"@executable_path/Frameworks",
				);
				MARKETING_VERSION = 0.1.0;
				PRODUCT_BUNDLE_IDENTIFIER = dev.bortoluzzi.SpotITI;
				PRODUCT_NAME = "$(TARGET_NAME)";
				SUPPORTED_PLATFORMS = "iphoneos iphonesimulator macosx";
				SUPPORTS_MACCATALYST = NO;
				SUPPORTS_MAC_DESIGNED_FOR_IPHONE_IPAD = NO;
				SWIFT_EMIT_LOC_STRINGS = YES;
				SWIFT_VERSION = 5.0;
				TARGETED_DEVICE_FAMILY = "1,2";
			};
			name = Debug;
		};
		6A2A1C4A29C2330300FC359F /* Release */ = {
			isa = XCBuildConfiguration;
			buildSettings = {
				ASSETCATALOG_COMPILER_APPICON_NAME = AppIcon;
				ASSETCATALOG_COMPILER_GLOBAL_ACCENT_COLOR_NAME = AccentColor;
				CODE_SIGN_STYLE = Automatic;
				CURRENT_PROJECT_VERSION = 1;
				DEVELOPMENT_ASSET_PATHS = "\"SpotITI/Preview Content\"";
				DEVELOPMENT_TEAM = GG2P3935JY;
				ENABLE_PREVIEWS = YES;
				GENERATE_INFOPLIST_FILE = YES;
				INFOPLIST_KEY_NSCameraUsageDescription = "La fotocamera verrà utilizzata per riconoscere i codici QR i quali permettono la geolocalizzazione interna";
				INFOPLIST_KEY_UIApplicationSceneManifest_Generation = YES;
				INFOPLIST_KEY_UIApplicationSupportsIndirectInputEvents = YES;
				INFOPLIST_KEY_UILaunchScreen_Generation = YES;
				INFOPLIST_KEY_UISupportedInterfaceOrientations = UIInterfaceOrientationPortrait;
				LD_RUNPATH_SEARCH_PATHS = (
					"$(inherited)",
					"@executable_path/Frameworks",
				);
				MARKETING_VERSION = 0.1.0;
				PRODUCT_BUNDLE_IDENTIFIER = dev.bortoluzzi.SpotITI;
				PRODUCT_NAME = "$(TARGET_NAME)";
				SUPPORTED_PLATFORMS = "iphoneos iphonesimulator macosx";
				SUPPORTS_MACCATALYST = NO;
				SUPPORTS_MAC_DESIGNED_FOR_IPHONE_IPAD = NO;
				SWIFT_EMIT_LOC_STRINGS = YES;
				SWIFT_VERSION = 5.0;
				TARGETED_DEVICE_FAMILY = "1,2";
			};
			name = Release;
		};
/* End XCBuildConfiguration section */

/* Begin XCConfigurationList section */
		6A2A1C3529C2330200FC359F /* Build configuration list for PBXProject "SpotITI" */ = {
			isa = XCConfigurationList;
			buildConfigurations = (
				6A2A1C4629C2330300FC359F /* Debug */,
				6A2A1C4729C2330300FC359F /* Release */,
			);
			defaultConfigurationIsVisible = 0;
			defaultConfigurationName = Release;
		};
		6A2A1C4829C2330300FC359F /* Build configuration list for PBXNativeTarget "SpotITI" */ = {
			isa = XCConfigurationList;
			buildConfigurations = (
				6A2A1C4929C2330300FC359F /* Debug */,
				6A2A1C4A29C2330300FC359F /* Release */,
			);
			defaultConfigurationIsVisible = 0;
			defaultConfigurationName = Release;
		};
/* End XCConfigurationList section */
	};
	rootObject = 6A2A1C3229C2330200FC359F /* Project object */;
}
